
Microsoft Visual Studio Solution File, Format Version 12.00
# Visual Studio Version 17
VisualStudioVersion = 17.11.35327.3
MinimumVisualStudioVersion = 10.0.40219.1
Project("{FAE04EC0-301F-11D3-BF4B-00C04F79EFBC}") = "Class Exercise Oct_16_2024", "Class Exercise Oct_16_2024\Class Exercise Oct_16_2024.csproj", "{2A67A52D-3C34-4CD1-9CCD-F6AFC2AAF357}"
EndProject
Global
	GlobalSection(SolutionConfigurationPlatforms) = preSolution
		Debug|Any CPU = Debug|Any CPU
		Release|Any CPU = Release|Any CPU
	EndGlobalSection
	GlobalSection(ProjectConfigurationPlatforms) = postSolution
		{2A67A52D-3C34-4CD1-9CCD-F6AFC2AAF357}.Debug|Any CPU.ActiveCfg = Debug|Any CPU
		{2A67A52D-3C34-4CD1-9CCD-F6AFC2AAF357}.Debug|Any CPU.Build.0 = Debug|Any CPU
		{2A67A52D-3C34-4CD1-9CCD-F6AFC2AAF357}.Release|Any CPU.ActiveCfg = Release|Any CPU
		{2A67A52D-3C34-4CD1-9CCD-F6AFC2AAF357}.Release|Any CPU.Build.0 = Release|Any CPU
	EndGlobalSection
	GlobalSection(SolutionProperties) = preSolution
		HideSolutionNode = FALSE
	EndGlobalSection
	GlobalSection(ExtensibilityGlobals) = postSolution
		SolutionGuid = {CD977D97-6F6C-4429-92BD-E6B74FCC59D2}
	EndGlobalSection
EndGlobal
